// !$*UTF8*$!
{
	archiveVersion = 1;
	classes = {
	};
	objectVersion = 46;
	objects = {

/* Begin PBXBuildFile section */
		202FBCAA1AA5E8560068F3E1 /* AppDelegate.swift in Sources */ = {isa = PBXBuildFile; fileRef = 202FBCA91AA5E8560068F3E1 /* AppDelegate.swift */; };
		202FBCAF1AA5E8560068F3E1 /* Main.storyboard in Resources */ = {isa = PBXBuildFile; fileRef = 202FBCAD1AA5E8560068F3E1 /* Main.storyboard */; };
		202FBCB11AA5E8560068F3E1 /* Images.xcassets in Resources */ = {isa = PBXBuildFile; fileRef = 202FBCB01AA5E8560068F3E1 /* Images.xcassets */; };
		202FBCB41AA5E8560068F3E1 /* LaunchScreen.xib in Resources */ = {isa = PBXBuildFile; fileRef = 202FBCB21AA5E8560068F3E1 /* LaunchScreen.xib */; };
		202FBCD81AA5EE840068F3E1 /* SystemConfiguration.framework in Frameworks */ = {isa = PBXBuildFile; fileRef = 202FBCD71AA5EE840068F3E1 /* SystemConfiguration.framework */; };
		202FBCDA1AA5EE890068F3E1 /* StoreKit.framework in Frameworks */ = {isa = PBXBuildFile; fileRef = 202FBCD91AA5EE890068F3E1 /* StoreKit.framework */; };
		202FBCDC1AA5EE900068F3E1 /* Security.framework in Frameworks */ = {isa = PBXBuildFile; fileRef = 202FBCDB1AA5EE900068F3E1 /* Security.framework */; };
		202FBCDE1AA5EE940068F3E1 /* QuartzCore.framework in Frameworks */ = {isa = PBXBuildFile; fileRef = 202FBCDD1AA5EE940068F3E1 /* QuartzCore.framework */; };
		202FBCE01AA5EE9A0068F3E1 /* MobileCoreServices.framework in Frameworks */ = {isa = PBXBuildFile; fileRef = 202FBCDF1AA5EE9A0068F3E1 /* MobileCoreServices.framework */; };
		202FBCE21AA5EEA30068F3E1 /* CoreLocation.framework in Frameworks */ = {isa = PBXBuildFile; fileRef = 202FBCE11AA5EEA30068F3E1 /* CoreLocation.framework */; };
		202FBCE41AA5EEA80068F3E1 /* CoreGraphics.framework in Frameworks */ = {isa = PBXBuildFile; fileRef = 202FBCE31AA5EEA80068F3E1 /* CoreGraphics.framework */; };
		202FBCE61AA5EEAE0068F3E1 /* CFNetwork.framework in Frameworks */ = {isa = PBXBuildFile; fileRef = 202FBCE51AA5EEAE0068F3E1 /* CFNetwork.framework */; };
		202FBCE81AA5EEB50068F3E1 /* AudioToolbox.framework in Frameworks */ = {isa = PBXBuildFile; fileRef = 202FBCE71AA5EEB50068F3E1 /* AudioToolbox.framework */; };
		202FBCEA1AA5EEC40068F3E1 /* libz.dylib in Frameworks */ = {isa = PBXBuildFile; fileRef = 202FBCE91AA5EEC40068F3E1 /* libz.dylib */; };
		202FBCEC1AA5EECB0068F3E1 /* libsqlite3.dylib in Frameworks */ = {isa = PBXBuildFile; fileRef = 202FBCEB1AA5EECB0068F3E1 /* libsqlite3.dylib */; };
		202FBD3D1AB3416F0068F3E1 /* Entry.swift in Sources */ = {isa = PBXBuildFile; fileRef = 202FBD3C1AB3416F0068F3E1 /* Entry.swift */; };
		202FBD401AB341AE0068F3E1 /* Parse.swift in Sources */ = {isa = PBXBuildFile; fileRef = 202FBD3F1AB341AE0068F3E1 /* Parse.swift */; };
		202FBD451AB3B9300068F3E1 /* AlertExtension.swift in Sources */ = {isa = PBXBuildFile; fileRef = 202FBD441AB3B9300068F3E1 /* AlertExtension.swift */; };
		202FBD4A1AB3B9460068F3E1 /* Parse.framework in Frameworks */ = {isa = PBXBuildFile; fileRef = 202FBD461AB3B9460068F3E1 /* Parse.framework */; };
		202FBD4B1AB3B9460068F3E1 /* ParseCrashReporting.framework in Frameworks */ = {isa = PBXBuildFile; fileRef = 202FBD471AB3B9460068F3E1 /* ParseCrashReporting.framework */; };
		202FBD4C1AB3B9460068F3E1 /* ParseFacebookUtils.framework in Frameworks */ = {isa = PBXBuildFile; fileRef = 202FBD481AB3B9460068F3E1 /* ParseFacebookUtils.framework */; };
		202FBD4D1AB3B9460068F3E1 /* ParseUI.framework in Frameworks */ = {isa = PBXBuildFile; fileRef = 202FBD491AB3B9460068F3E1 /* ParseUI.framework */; };
		202FBD511AB3B9B30068F3E1 /* Bolts.framework in Frameworks */ = {isa = PBXBuildFile; fileRef = 202FBD501AB3B9B30068F3E1 /* Bolts.framework */; };
		202FBD561AB3C30B0068F3E1 /* EntryCell.swift in Sources */ = {isa = PBXBuildFile; fileRef = 202FBD541AB3C30B0068F3E1 /* EntryCell.swift */; };
		202FBD571AB3C30B0068F3E1 /* EntryCell.xib in Resources */ = {isa = PBXBuildFile; fileRef = 202FBD551AB3C30B0068F3E1 /* EntryCell.xib */; };
		202FBD591AB3C41F0068F3E1 /* CommonExtension.swift in Sources */ = {isa = PBXBuildFile; fileRef = 202FBD581AB3C41F0068F3E1 /* CommonExtension.swift */; };
		202FBD5B1AB3C4E90068F3E1 /* ViewController.swift in Sources */ = {isa = PBXBuildFile; fileRef = 202FBD5A1AB3C4E90068F3E1 /* ViewController.swift */; };
		202FBD5E1AB3C50D0068F3E1 /* WebViewController.swift in Sources */ = {isa = PBXBuildFile; fileRef = 202FBD5D1AB3C50D0068F3E1 /* WebViewController.swift */; };
		202FBD601AB3C5E70068F3E1 /* ImobileSdkAds.framework in Frameworks */ = {isa = PBXBuildFile; fileRef = 202FBD5F1AB3C5E70068F3E1 /* ImobileSdkAds.framework */; };
		202FBD621AB3C60A0068F3E1 /* AdSupport.framework in Frameworks */ = {isa = PBXBuildFile; fileRef = 202FBD611AB3C60A0068F3E1 /* AdSupport.framework */; };
		202FBD641AB3C7620068F3E1 /* Appearance.swift in Sources */ = {isa = PBXBuildFile; fileRef = 202FBD631AB3C7620068F3E1 /* Appearance.swift */; };
		202FBD661AB3CB1F0068F3E1 /* RecommendViewController.swift in Sources */ = {isa = PBXBuildFile; fileRef = 202FBD651AB3CB1F0068F3E1 /* RecommendViewController.swift */; };
		202FBD681AB3CBD50068F3E1 /* MyTabBarController.swift in Sources */ = {isa = PBXBuildFile; fileRef = 202FBD671AB3CBD50068F3E1 /* MyTabBarController.swift */; };
		20AA9DD51AB3CD5D00DD60D9 /* PopularViewController.swift in Sources */ = {isa = PBXBuildFile; fileRef = 20AA9DD41AB3CD5D00DD60D9 /* PopularViewController.swift */; };
/* End PBXBuildFile section */

/* Begin PBXFileReference section */
		202FBCA41AA5E8560068F3E1 /* KatateMatome.app */ = {isa = PBXFileReference; explicitFileType = wrapper.application; includeInIndex = 0; path = KatateMatome.app; sourceTree = BUILT_PRODUCTS_DIR; };
		202FBCA81AA5E8560068F3E1 /* Info.plist */ = {isa = PBXFileReference; lastKnownFileType = text.plist.xml; path = Info.plist; sourceTree = "<group>"; };
		202FBCA91AA5E8560068F3E1 /* AppDelegate.swift */ = {isa = PBXFileReference; lastKnownFileType = sourcecode.swift; path = AppDelegate.swift; sourceTree = "<group>"; };
		202FBCAE1AA5E8560068F3E1 /* Base */ = {isa = PBXFileReference; lastKnownFileType = file.storyboard; name = Base; path = Base.lproj/Main.storyboard; sourceTree = "<group>"; };
		202FBCB01AA5E8560068F3E1 /* Images.xcassets */ = {isa = PBXFileReference; lastKnownFileType = folder.assetcatalog; path = Images.xcassets; sourceTree = "<group>"; };
		202FBCB31AA5E8560068F3E1 /* Base */ = {isa = PBXFileReference; lastKnownFileType = file.xib; name = Base; path = Base.lproj/LaunchScreen.xib; sourceTree = "<group>"; };
		202FBCBE1AA5E8560068F3E1 /* Info.plist */ = {isa = PBXFileReference; lastKnownFileType = text.plist.xml; path = Info.plist; sourceTree = "<group>"; };
		202FBCBF1AA5E8560068F3E1 /* KatateMatomeTests.swift */ = {isa = PBXFileReference; lastKnownFileType = sourcecode.swift; path = KatateMatomeTests.swift; sourceTree = "<group>"; };
		202FBCD41AA5EE300068F3E1 /* KatateMatome-Bridging-Header.h */ = {isa = PBXFileReference; lastKnownFileType = sourcecode.c.h; path = "KatateMatome-Bridging-Header.h"; sourceTree = "<group>"; };
		202FBCD71AA5EE840068F3E1 /* SystemConfiguration.framework */ = {isa = PBXFileReference; lastKnownFileType = wrapper.framework; name = SystemConfiguration.framework; path = System/Library/Frameworks/SystemConfiguration.framework; sourceTree = SDKROOT; };
		202FBCD91AA5EE890068F3E1 /* StoreKit.framework */ = {isa = PBXFileReference; lastKnownFileType = wrapper.framework; name = StoreKit.framework; path = System/Library/Frameworks/StoreKit.framework; sourceTree = SDKROOT; };
		202FBCDB1AA5EE900068F3E1 /* Security.framework */ = {isa = PBXFileReference; lastKnownFileType = wrapper.framework; name = Security.framework; path = System/Library/Frameworks/Security.framework; sourceTree = SDKROOT; };
		202FBCDD1AA5EE940068F3E1 /* QuartzCore.framework */ = {isa = PBXFileReference; lastKnownFileType = wrapper.framework; name = QuartzCore.framework; path = System/Library/Frameworks/QuartzCore.framework; sourceTree = SDKROOT; };
		202FBCDF1AA5EE9A0068F3E1 /* MobileCoreServices.framework */ = {isa = PBXFileReference; lastKnownFileType = wrapper.framework; name = MobileCoreServices.framework; path = System/Library/Frameworks/MobileCoreServices.framework; sourceTree = SDKROOT; };
		202FBCE11AA5EEA30068F3E1 /* CoreLocation.framework */ = {isa = PBXFileReference; lastKnownFileType = wrapper.framework; name = CoreLocation.framework; path = System/Library/Frameworks/CoreLocation.framework; sourceTree = SDKROOT; };
		202FBCE31AA5EEA80068F3E1 /* CoreGraphics.framework */ = {isa = PBXFileReference; lastKnownFileType = wrapper.framework; name = CoreGraphics.framework; path = System/Library/Frameworks/CoreGraphics.framework; sourceTree = SDKROOT; };
		202FBCE51AA5EEAE0068F3E1 /* CFNetwork.framework */ = {isa = PBXFileReference; lastKnownFileType = wrapper.framework; name = CFNetwork.framework; path = System/Library/Frameworks/CFNetwork.framework; sourceTree = SDKROOT; };
		202FBCE71AA5EEB50068F3E1 /* AudioToolbox.framework */ = {isa = PBXFileReference; lastKnownFileType = wrapper.framework; name = AudioToolbox.framework; path = System/Library/Frameworks/AudioToolbox.framework; sourceTree = SDKROOT; };
		202FBCE91AA5EEC40068F3E1 /* libz.dylib */ = {isa = PBXFileReference; lastKnownFileType = "compiled.mach-o.dylib"; name = libz.dylib; path = usr/lib/libz.dylib; sourceTree = SDKROOT; };
		202FBCEB1AA5EECB0068F3E1 /* libsqlite3.dylib */ = {isa = PBXFileReference; lastKnownFileType = "compiled.mach-o.dylib"; name = libsqlite3.dylib; path = usr/lib/libsqlite3.dylib; sourceTree = SDKROOT; };
		202FBD3C1AB3416F0068F3E1 /* Entry.swift */ = {isa = PBXFileReference; fileEncoding = 4; lastKnownFileType = sourcecode.swift; name = Entry.swift; path = Model/Entry.swift; sourceTree = "<group>"; };
		202FBD3F1AB341AE0068F3E1 /* Parse.swift */ = {isa = PBXFileReference; fileEncoding = 4; lastKnownFileType = sourcecode.swift; name = Parse.swift; path = Parse/Parse.swift; sourceTree = "<group>"; };
		202FBD441AB3B9300068F3E1 /* AlertExtension.swift */ = {isa = PBXFileReference; fileEncoding = 4; lastKnownFileType = sourcecode.swift; name = AlertExtension.swift; path = Extension/AlertExtension.swift; sourceTree = "<group>"; };
		202FBD461AB3B9460068F3E1 /* Parse.framework */ = {isa = PBXFileReference; lastKnownFileType = wrapper.framework; name = Parse.framework; path = Framework/Parse.framework; sourceTree = "<group>"; };
		202FBD471AB3B9460068F3E1 /* ParseCrashReporting.framework */ = {isa = PBXFileReference; lastKnownFileType = wrapper.framework; name = ParseCrashReporting.framework; path = Framework/ParseCrashReporting.framework; sourceTree = "<group>"; };
		202FBD481AB3B9460068F3E1 /* ParseFacebookUtils.framework */ = {isa = PBXFileReference; lastKnownFileType = wrapper.framework; name = ParseFacebookUtils.framework; path = Framework/ParseFacebookUtils.framework; sourceTree = "<group>"; };
		202FBD491AB3B9460068F3E1 /* ParseUI.framework */ = {isa = PBXFileReference; lastKnownFileType = wrapper.framework; name = ParseUI.framework; path = Framework/ParseUI.framework; sourceTree = "<group>"; };
		202FBD501AB3B9B30068F3E1 /* Bolts.framework */ = {isa = PBXFileReference; lastKnownFileType = wrapper.framework; path = Bolts.framework; sourceTree = "<group>"; };
		202FBD541AB3C30B0068F3E1 /* EntryCell.swift */ = {isa = PBXFileReference; fileEncoding = 4; lastKnownFileType = sourcecode.swift; path = EntryCell.swift; sourceTree = "<group>"; };
		202FBD551AB3C30B0068F3E1 /* EntryCell.xib */ = {isa = PBXFileReference; fileEncoding = 4; lastKnownFileType = file.xib; path = EntryCell.xib; sourceTree = "<group>"; };
		202FBD581AB3C41F0068F3E1 /* CommonExtension.swift */ = {isa = PBXFileReference; fileEncoding = 4; lastKnownFileType = sourcecode.swift; path = CommonExtension.swift; sourceTree = "<group>"; };
		202FBD5A1AB3C4E90068F3E1 /* ViewController.swift */ = {isa = PBXFileReference; fileEncoding = 4; lastKnownFileType = sourcecode.swift; name = ViewController.swift; path = ViewController/ViewController.swift; sourceTree = "<group>"; };
		202FBD5D1AB3C50D0068F3E1 /* WebViewController.swift */ = {isa = PBXFileReference; fileEncoding = 4; lastKnownFileType = sourcecode.swift; name = WebViewController.swift; path = ../../ZukyunMatome/ZukyunMatome/ViewController/WebViewController.swift; sourceTree = "<group>"; };
		202FBD5F1AB3C5E70068F3E1 /* ImobileSdkAds.framework */ = {isa = PBXFileReference; lastKnownFileType = wrapper.framework; path = ImobileSdkAds.framework; sourceTree = "<group>"; };
		202FBD611AB3C60A0068F3E1 /* AdSupport.framework */ = {isa = PBXFileReference; lastKnownFileType = wrapper.framework; name = AdSupport.framework; path = System/Library/Frameworks/AdSupport.framework; sourceTree = SDKROOT; };
		202FBD631AB3C7620068F3E1 /* Appearance.swift */ = {isa = PBXFileReference; fileEncoding = 4; lastKnownFileType = sourcecode.swift; path = Appearance.swift; sourceTree = "<group>"; };
		202FBD651AB3CB1F0068F3E1 /* RecommendViewController.swift */ = {isa = PBXFileReference; fileEncoding = 4; lastKnownFileType = sourcecode.swift; path = RecommendViewController.swift; sourceTree = "<group>"; };
		202FBD671AB3CBD50068F3E1 /* MyTabBarController.swift */ = {isa = PBXFileReference; fileEncoding = 4; lastKnownFileType = sourcecode.swift; name = MyTabBarController.swift; path = ViewController/MyTabBarController.swift; sourceTree = "<group>"; };
		20AA9DD41AB3CD5D00DD60D9 /* PopularViewController.swift */ = {isa = PBXFileReference; fileEncoding = 4; lastKnownFileType = sourcecode.swift; name = PopularViewController.swift; path = ViewController/PopularViewController.swift; sourceTree = "<group>"; };
/* End PBXFileReference section */

/* Begin PBXFrameworksBuildPhase section */
		202FBCA11AA5E8560068F3E1 /* Frameworks */ = {
			isa = PBXFrameworksBuildPhase;
			buildActionMask = 2147483647;
			files = (
				202FBD621AB3C60A0068F3E1 /* AdSupport.framework in Frameworks */,
				202FBCEC1AA5EECB0068F3E1 /* libsqlite3.dylib in Frameworks */,
				202FBCEA1AA5EEC40068F3E1 /* libz.dylib in Frameworks */,
				202FBCE81AA5EEB50068F3E1 /* AudioToolbox.framework in Frameworks */,
				202FBCE61AA5EEAE0068F3E1 /* CFNetwork.framework in Frameworks */,
				202FBCE41AA5EEA80068F3E1 /* CoreGraphics.framework in Frameworks */,
				202FBD4B1AB3B9460068F3E1 /* ParseCrashReporting.framework in Frameworks */,
				202FBD4D1AB3B9460068F3E1 /* ParseUI.framework in Frameworks */,
				202FBCE21AA5EEA30068F3E1 /* CoreLocation.framework in Frameworks */,
				202FBD4A1AB3B9460068F3E1 /* Parse.framework in Frameworks */,
				202FBD4C1AB3B9460068F3E1 /* ParseFacebookUtils.framework in Frameworks */,
				202FBCE01AA5EE9A0068F3E1 /* MobileCoreServices.framework in Frameworks */,
				202FBCDE1AA5EE940068F3E1 /* QuartzCore.framework in Frameworks */,
				202FBCDC1AA5EE900068F3E1 /* Security.framework in Frameworks */,
				202FBD601AB3C5E70068F3E1 /* ImobileSdkAds.framework in Frameworks */,
				202FBCDA1AA5EE890068F3E1 /* StoreKit.framework in Frameworks */,
				202FBCD81AA5EE840068F3E1 /* SystemConfiguration.framework in Frameworks */,
				202FBD511AB3B9B30068F3E1 /* Bolts.framework in Frameworks */,
			);
			runOnlyForDeploymentPostprocessing = 0;
		};
/* End PBXFrameworksBuildPhase section */

/* Begin PBXGroup section */
		202FBC9B1AA5E8560068F3E1 = {
			isa = PBXGroup;
			children = (
				202FBD611AB3C60A0068F3E1 /* AdSupport.framework */,
				202FBCA61AA5E8560068F3E1 /* KatateMatome */,
				202FBCBC1AA5E8560068F3E1 /* KatateMatomeTests */,
				202FBCA51AA5E8560068F3E1 /* Products */,
			);
			sourceTree = "<group>";
		};
		202FBCA51AA5E8560068F3E1 /* Products */ = {
			isa = PBXGroup;
			children = (
				202FBCA41AA5E8560068F3E1 /* KatateMatome.app */,
			);
			name = Products;
			sourceTree = "<group>";
		};
		202FBCA61AA5E8560068F3E1 /* KatateMatome */ = {
			isa = PBXGroup;
			children = (
				202FBD411AB3B8F70068F3E1 /* Extension */,
				202FBD3E1AB341790068F3E1 /* Parse */,
				202FBD3B1AB340D20068F3E1 /* Model */,
				202FBD531AB3C30B0068F3E1 /* View */,
				202FBCA91AA5E8560068F3E1 /* AppDelegate.swift */,
				202FBD631AB3C7620068F3E1 /* Appearance.swift */,
				202FBD5C1AB3C4FD0068F3E1 /* ViewController */,
				202FBCAD1AA5E8560068F3E1 /* Main.storyboard */,
				202FBCB01AA5E8560068F3E1 /* Images.xcassets */,
				202FBCB21AA5E8560068F3E1 /* LaunchScreen.xib */,
				202FBCA71AA5E8560068F3E1 /* Supporting Files */,
				202FBCC91AA5EDFC0068F3E1 /* Framework */,
			);
			path = KatateMatome;
			sourceTree = "<group>";
		};
		202FBCA71AA5E8560068F3E1 /* Supporting Files */ = {
			isa = PBXGroup;
			children = (
				202FBCD41AA5EE300068F3E1 /* KatateMatome-Bridging-Header.h */,
				202FBCA81AA5E8560068F3E1 /* Info.plist */,
			);
			name = "Supporting Files";
			sourceTree = "<group>";
		};
		202FBCBC1AA5E8560068F3E1 /* KatateMatomeTests */ = {
			isa = PBXGroup;
			children = (
				202FBCBF1AA5E8560068F3E1 /* KatateMatomeTests.swift */,
				202FBCBD1AA5E8560068F3E1 /* Supporting Files */,
			);
			path = KatateMatomeTests;
			sourceTree = "<group>";
		};
		202FBCBD1AA5E8560068F3E1 /* Supporting Files */ = {
			isa = PBXGroup;
			children = (
				202FBCBE1AA5E8560068F3E1 /* Info.plist */,
			);
			name = "Supporting Files";
			sourceTree = "<group>";
		};
		202FBCC91AA5EDFC0068F3E1 /* Framework */ = {
			isa = PBXGroup;
			children = (
				202FBD5F1AB3C5E70068F3E1 /* ImobileSdkAds.framework */,
				202FBD501AB3B9B30068F3E1 /* Bolts.framework */,
				202FBCEB1AA5EECB0068F3E1 /* libsqlite3.dylib */,
				202FBCE91AA5EEC40068F3E1 /* libz.dylib */,
				202FBD461AB3B9460068F3E1 /* Parse.framework */,
				202FBD471AB3B9460068F3E1 /* ParseCrashReporting.framework */,
				202FBD481AB3B9460068F3E1 /* ParseFacebookUtils.framework */,
				202FBD491AB3B9460068F3E1 /* ParseUI.framework */,
				202FBCE71AA5EEB50068F3E1 /* AudioToolbox.framework */,
				202FBCE51AA5EEAE0068F3E1 /* CFNetwork.framework */,
				202FBCE31AA5EEA80068F3E1 /* CoreGraphics.framework */,
				202FBCE11AA5EEA30068F3E1 /* CoreLocation.framework */,
				202FBCDF1AA5EE9A0068F3E1 /* MobileCoreServices.framework */,
				202FBCDD1AA5EE940068F3E1 /* QuartzCore.framework */,
				202FBCDB1AA5EE900068F3E1 /* Security.framework */,
				202FBCD91AA5EE890068F3E1 /* StoreKit.framework */,
				202FBCD71AA5EE840068F3E1 /* SystemConfiguration.framework */,
			);
			name = Framework;
			sourceTree = "<group>";
		};
		202FBD3B1AB340D20068F3E1 /* Model */ = {
			isa = PBXGroup;
			children = (
				202FBD3C1AB3416F0068F3E1 /* Entry.swift */,
			);
			name = Model;
			sourceTree = "<group>";
		};
		202FBD3E1AB341790068F3E1 /* Parse */ = {
			isa = PBXGroup;
			children = (
				202FBD3F1AB341AE0068F3E1 /* Parse.swift */,
			);
			name = Parse;
			sourceTree = "<group>";
		};
		202FBD411AB3B8F70068F3E1 /* Extension */ = {
			isa = PBXGroup;
			children = (
				202FBD441AB3B9300068F3E1 /* AlertExtension.swift */,
				202FBD581AB3C41F0068F3E1 /* CommonExtension.swift */,
			);
			name = Extension;
			sourceTree = "<group>";
		};
		202FBD531AB3C30B0068F3E1 /* View */ = {
			isa = PBXGroup;
			children = (
				202FBD541AB3C30B0068F3E1 /* EntryCell.swift */,
				202FBD551AB3C30B0068F3E1 /* EntryCell.xib */,
			);
			path = View;
			sourceTree = "<group>";
		};
		202FBD5C1AB3C4FD0068F3E1 /* ViewController */ = {
			isa = PBXGroup;
			children = (
				202FBD5A1AB3C4E90068F3E1 /* ViewController.swift */,
				20AA9DD41AB3CD5D00DD60D9 /* PopularViewController.swift */,
				202FBD651AB3CB1F0068F3E1 /* RecommendViewController.swift */,
				202FBD5D1AB3C50D0068F3E1 /* WebViewController.swift */,
				202FBD671AB3CBD50068F3E1 /* MyTabBarController.swift */,
			);
			name = ViewController;
			sourceTree = "<group>";
		};
/* End PBXGroup section */

/* Begin PBXNativeTarget section */
		202FBCA31AA5E8560068F3E1 /* KatateMatome */ = {
			isa = PBXNativeTarget;
			buildConfigurationList = 202FBCC31AA5E8560068F3E1 /* Build configuration list for PBXNativeTarget "KatateMatome" */;
			buildPhases = (
				202FBCA01AA5E8560068F3E1 /* Sources */,
				202FBCA11AA5E8560068F3E1 /* Frameworks */,
				202FBCA21AA5E8560068F3E1 /* Resources */,
			);
			buildRules = (
			);
			dependencies = (
			);
			name = KatateMatome;
			productName = KatateMatome;
			productReference = 202FBCA41AA5E8560068F3E1 /* KatateMatome.app */;
			productType = "com.apple.product-type.application";
		};
/* End PBXNativeTarget section */

/* Begin PBXProject section */
		202FBC9C1AA5E8560068F3E1 /* Project object */ = {
			isa = PBXProject;
			attributes = {
				LastUpgradeCheck = 0610;
				ORGANIZATIONNAME = himara2;
				TargetAttributes = {
					202FBCA31AA5E8560068F3E1 = {
						CreatedOnToolsVersion = 6.1;
					};
				};
			};
			buildConfigurationList = 202FBC9F1AA5E8560068F3E1 /* Build configuration list for PBXProject "KatateMatome" */;
			compatibilityVersion = "Xcode 3.2";
			developmentRegion = English;
			hasScannedForEncodings = 0;
			knownRegions = (
				en,
				Base,
			);
			mainGroup = 202FBC9B1AA5E8560068F3E1;
			productRefGroup = 202FBCA51AA5E8560068F3E1 /* Products */;
			projectDirPath = "";
			projectRoot = "";
			targets = (
				202FBCA31AA5E8560068F3E1 /* KatateMatome */,
			);
		};
/* End PBXProject section */

/* Begin PBXResourcesBuildPhase section */
		202FBCA21AA5E8560068F3E1 /* Resources */ = {
			isa = PBXResourcesBuildPhase;
			buildActionMask = 2147483647;
			files = (
				202FBD571AB3C30B0068F3E1 /* EntryCell.xib in Resources */,
				202FBCAF1AA5E8560068F3E1 /* Main.storyboard in Resources */,
				202FBCB41AA5E8560068F3E1 /* LaunchScreen.xib in Resources */,
				202FBCB11AA5E8560068F3E1 /* Images.xcassets in Resources */,
			);
			runOnlyForDeploymentPostprocessing = 0;
		};
/* End PBXResourcesBuildPhase section */

/* Begin PBXSourcesBuildPhase section */
		202FBCA01AA5E8560068F3E1 /* Sources */ = {
			isa = PBXSourcesBuildPhase;
			buildActionMask = 2147483647;
			files = (
				20AA9DD51AB3CD5D00DD60D9 /* PopularViewController.swift in Sources */,
				202FBD591AB3C41F0068F3E1 /* CommonExtension.swift in Sources */,
				202FBD641AB3C7620068F3E1 /* Appearance.swift in Sources */,
				202FBD681AB3CBD50068F3E1 /* MyTabBarController.swift in Sources */,
				202FBD3D1AB3416F0068F3E1 /* Entry.swift in Sources */,
				202FBD401AB341AE0068F3E1 /* Parse.swift in Sources */,
				202FBD451AB3B9300068F3E1 /* AlertExtension.swift in Sources */,
				202FBD561AB3C30B0068F3E1 /* EntryCell.swift in Sources */,
				202FBD5B1AB3C4E90068F3E1 /* ViewController.swift in Sources */,
				202FBCAA1AA5E8560068F3E1 /* AppDelegate.swift in Sources */,
				202FBD5E1AB3C50D0068F3E1 /* WebViewController.swift in Sources */,
				202FBD661AB3CB1F0068F3E1 /* RecommendViewController.swift in Sources */,
			);
			runOnlyForDeploymentPostprocessing = 0;
		};
/* End PBXSourcesBuildPhase section */

/* Begin PBXVariantGroup section */
		202FBCAD1AA5E8560068F3E1 /* Main.storyboard */ = {
			isa = PBXVariantGroup;
			children = (
				202FBCAE1AA5E8560068F3E1 /* Base */,
			);
			name = Main.storyboard;
			sourceTree = "<group>";
		};
		202FBCB21AA5E8560068F3E1 /* LaunchScreen.xib */ = {
			isa = PBXVariantGroup;
			children = (
				202FBCB31AA5E8560068F3E1 /* Base */,
			);
			name = LaunchScreen.xib;
			sourceTree = "<group>";
		};
/* End PBXVariantGroup section */

/* Begin XCBuildConfiguration section */
		202FBCC11AA5E8560068F3E1 /* Debug */ = {
			isa = XCBuildConfiguration;
			buildSettings = {
				ALWAYS_SEARCH_USER_PATHS = NO;
				CLANG_CXX_LANGUAGE_STANDARD = "gnu++0x";
				CLANG_CXX_LIBRARY = "libc++";
				CLANG_ENABLE_MODULES = YES;
				CLANG_ENABLE_OBJC_ARC = YES;
				CLANG_WARN_BOOL_CONVERSION = YES;
				CLANG_WARN_CONSTANT_CONVERSION = YES;
				CLANG_WARN_DIRECT_OBJC_ISA_USAGE = YES_ERROR;
				CLANG_WARN_EMPTY_BODY = YES;
				CLANG_WARN_ENUM_CONVERSION = YES;
				CLANG_WARN_INT_CONVERSION = YES;
				CLANG_WARN_OBJC_ROOT_CLASS = YES_ERROR;
				CLANG_WARN_UNREACHABLE_CODE = YES;
				CLANG_WARN__DUPLICATE_METHOD_MATCH = YES;
				"CODE_SIGN_IDENTITY[sdk=iphoneos*]" = "iPhone Developer";
				COPY_PHASE_STRIP = NO;
				ENABLE_STRICT_OBJC_MSGSEND = YES;
				GCC_C_LANGUAGE_STANDARD = gnu99;
				GCC_DYNAMIC_NO_PIC = NO;
				GCC_OPTIMIZATION_LEVEL = 0;
				GCC_PREPROCESSOR_DEFINITIONS = (
					"DEBUG=1",
					"$(inherited)",
				);
				GCC_SYMBOLS_PRIVATE_EXTERN = NO;
				GCC_WARN_64_TO_32_BIT_CONVERSION = YES;
				GCC_WARN_ABOUT_RETURN_TYPE = YES_ERROR;
				GCC_WARN_UNDECLARED_SELECTOR = YES;
				GCC_WARN_UNINITIALIZED_AUTOS = YES_AGGRESSIVE;
				GCC_WARN_UNUSED_FUNCTION = YES;
				GCC_WARN_UNUSED_VARIABLE = YES;
				IPHONEOS_DEPLOYMENT_TARGET = 8.1;
				MTL_ENABLE_DEBUG_INFO = YES;
				ONLY_ACTIVE_ARCH = YES;
				PROVISIONING_PROFILE = "f86f9ae3-3d30-4788-96f5-6235647ff665";
				SDKROOT = iphoneos;
				SWIFT_OPTIMIZATION_LEVEL = "-Onone";
			};
			name = Debug;
		};
		202FBCC21AA5E8560068F3E1 /* Release */ = {
			isa = XCBuildConfiguration;
			buildSettings = {
				ALWAYS_SEARCH_USER_PATHS = NO;
				CLANG_CXX_LANGUAGE_STANDARD = "gnu++0x";
				CLANG_CXX_LIBRARY = "libc++";
				CLANG_ENABLE_MODULES = YES;
				CLANG_ENABLE_OBJC_ARC = YES;
				CLANG_WARN_BOOL_CONVERSION = YES;
				CLANG_WARN_CONSTANT_CONVERSION = YES;
				CLANG_WARN_DIRECT_OBJC_ISA_USAGE = YES_ERROR;
				CLANG_WARN_EMPTY_BODY = YES;
				CLANG_WARN_ENUM_CONVERSION = YES;
				CLANG_WARN_INT_CONVERSION = YES;
				CLANG_WARN_OBJC_ROOT_CLASS = YES_ERROR;
				CLANG_WARN_UNREACHABLE_CODE = YES;
				CLANG_WARN__DUPLICATE_METHOD_MATCH = YES;
				"CODE_SIGN_IDENTITY[sdk=iphoneos*]" = "iPhone Developer";
				COPY_PHASE_STRIP = YES;
				ENABLE_NS_ASSERTIONS = NO;
				ENABLE_STRICT_OBJC_MSGSEND = YES;
				GCC_C_LANGUAGE_STANDARD = gnu99;
				GCC_WARN_64_TO_32_BIT_CONVERSION = YES;
				GCC_WARN_ABOUT_RETURN_TYPE = YES_ERROR;
				GCC_WARN_UNDECLARED_SELECTOR = YES;
				GCC_WARN_UNINITIALIZED_AUTOS = YES_AGGRESSIVE;
				GCC_WARN_UNUSED_FUNCTION = YES;
				GCC_WARN_UNUSED_VARIABLE = YES;
				IPHONEOS_DEPLOYMENT_TARGET = 8.1;
				MTL_ENABLE_DEBUG_INFO = NO;
				PROVISIONING_PROFILE = "f86f9ae3-3d30-4788-96f5-6235647ff665";
				SDKROOT = iphoneos;
				VALIDATE_PRODUCT = YES;
			};
			name = Release;
		};
		202FBCC41AA5E8560068F3E1 /* Debug */ = {
			isa = XCBuildConfiguration;
			buildSettings = {
				ASSETCATALOG_COMPILER_APPICON_NAME = AppIcon;
				CLANG_ENABLE_MODULES = YES;
				FRAMEWORK_SEARCH_PATHS = (
					"$(inherited)",
					"$(PROJECT_DIR)/KatateMatome",
					"$(PROJECT_DIR)/KatateMatome/Framework",
				);
				INFOPLIST_FILE = KatateMatome/Info.plist;
				LD_RUNPATH_SEARCH_PATHS = "$(inherited) @executable_path/Frameworks";
				PRODUCT_NAME = "$(TARGET_NAME)";
				PROVISIONING_PROFILE = "f86f9ae3-3d30-4788-96f5-6235647ff665";
				SWIFT_OBJC_BRIDGING_HEADER = "KatateMatome/KatateMatome-Bridging-Header.h";
				SWIFT_OPTIMIZATION_LEVEL = "-Onone";
			};
			name = Debug;
		};
		202FBCC51AA5E8560068F3E1 /* Release */ = {
			isa = XCBuildConfiguration;
			buildSettings = {
				ASSETCATALOG_COMPILER_APPICON_NAME = AppIcon;
				CLANG_ENABLE_MODULES = YES;
				FRAMEWORK_SEARCH_PATHS = (
					"$(inherited)",
					"$(PROJECT_DIR)/KatateMatome",
					"$(PROJECT_DIR)/KatateMatome/Framework",
				);
				INFOPLIST_FILE = KatateMatome/Info.plist;
				LD_RUNPATH_SEARCH_PATHS = "$(inherited) @executable_path/Frameworks";
				PRODUCT_NAME = "$(TARGET_NAME)";
				PROVISIONING_PROFILE = "f86f9ae3-3d30-4788-96f5-6235647ff665";
				SWIFT_OBJC_BRIDGING_HEADER = "KatateMatome/KatateMatome-Bridging-Header.h";
			};
			name = Release;
		};
/* End XCBuildConfiguration section */

/* Begin XCConfigurationList section */
		202FBC9F1AA5E8560068F3E1 /* Build configuration list for PBXProject "KatateMatome" */ = {
			isa = XCConfigurationList;
			buildConfigurations = (
				202FBCC11AA5E8560068F3E1 /* Debug */,
				202FBCC21AA5E8560068F3E1 /* Release */,
			);
			defaultConfigurationIsVisible = 0;
			defaultConfigurationName = Release;
		};
		202FBCC31AA5E8560068F3E1 /* Build configuration list for PBXNativeTarget "KatateMatome" */ = {
			isa = XCConfigurationList;
			buildConfigurations = (
				202FBCC41AA5E8560068F3E1 /* Debug */,
				202FBCC51AA5E8560068F3E1 /* Release */,
			);
			defaultConfigurationIsVisible = 0;
			defaultConfigurationName = Release;
		};
/* End XCConfigurationList section */
	};
	rootObject = 202FBC9C1AA5E8560068F3E1 /* Project object */;
}
